// !$*UTF8*$!
{
	archiveVersion = 1;
	classes = {
	};
	objectVersion = 50;
	objects = {

/* Begin PBXBuildFile section */
		7C30150E28EF157C0079BF6D /* SnapshotHelper.swift in Sources */ = {isa = PBXBuildFile; fileRef = 7C30150D28EF157C0079BF6D /* SnapshotHelper.swift */; };
		8D8A726420824F840021D344 /* AppDelegate.swift in Sources */ = {isa = PBXBuildFile; fileRef = 8D8A726320824F840021D344 /* AppDelegate.swift */; };
		8D8A726620824F840021D344 /* ViewController.swift in Sources */ = {isa = PBXBuildFile; fileRef = 8D8A726520824F840021D344 /* ViewController.swift */; };
		8D8A726920824F840021D344 /* Main.storyboard in Resources */ = {isa = PBXBuildFile; fileRef = 8D8A726720824F840021D344 /* Main.storyboard */; };
		8D8A726B20824F850021D344 /* Assets.xcassets in Resources */ = {isa = PBXBuildFile; fileRef = 8D8A726A20824F850021D344 /* Assets.xcassets */; };
		8D8A726E20824F850021D344 /* LaunchScreen.storyboard in Resources */ = {isa = PBXBuildFile; fileRef = 8D8A726C20824F850021D344 /* LaunchScreen.storyboard */; };
		8D8A728C208252340021D344 /* SnaptakeUITests.swift in Sources */ = {isa = PBXBuildFile; fileRef = 8D8A728B208252340021D344 /* SnaptakeUITests.swift */; };
/* End PBXBuildFile section */

/* Begin PBXContainerItemProxy section */
		8D8A728E208252340021D344 /* PBXContainerItemProxy */ = {
			isa = PBXContainerItemProxy;
			containerPortal = 8D8A725820824F840021D344 /* Project object */;
			proxyType = 1;
			remoteGlobalIDString = 8D8A725F20824F840021D344;
			remoteInfo = Snaptake;
		};
/* End PBXContainerItemProxy section */

/* Begin PBXFileReference section */
		341730F475918518DF10427A /* README.md */ = {isa = PBXFileReference; fileEncoding = 4; lastKnownFileType = net.daringfireball.markdown; path = README.md; sourceTree = "<group>"; };
		7C30150D28EF157C0079BF6D /* SnapshotHelper.swift */ = {isa = PBXFileReference; fileEncoding = 4; lastKnownFileType = sourcecode.swift; name = SnapshotHelper.swift; path = fastlane/SnapshotHelper.swift; sourceTree = SOURCE_ROOT; };
		7CF46E6C28EE02E800674B91 /* fastlane */ = {isa = PBXFileReference; lastKnownFileType = folder; path = fastlane; sourceTree = "<group>"; };
		8D8A726020824F840021D344 /* Snaptake.app */ = {isa = PBXFileReference; explicitFileType = wrapper.application; includeInIndex = 0; path = Snaptake.app; sourceTree = BUILT_PRODUCTS_DIR; };
		8D8A726320824F840021D344 /* AppDelegate.swift */ = {isa = PBXFileReference; lastKnownFileType = sourcecode.swift; path = AppDelegate.swift; sourceTree = "<group>"; };
		8D8A726520824F840021D344 /* ViewController.swift */ = {isa = PBXFileReference; lastKnownFileType = sourcecode.swift; path = ViewController.swift; sourceTree = "<group>"; };
		8D8A726820824F840021D344 /* Base */ = {isa = PBXFileReference; lastKnownFileType = file.storyboard; name = Base; path = Base.lproj/Main.storyboard; sourceTree = "<group>"; };
		8D8A726A20824F850021D344 /* Assets.xcassets */ = {isa = PBXFileReference; lastKnownFileType = folder.assetcatalog; path = Assets.xcassets; sourceTree = "<group>"; };
		8D8A726D20824F850021D344 /* Base */ = {isa = PBXFileReference; lastKnownFileType = file.storyboard; name = Base; path = Base.lproj/LaunchScreen.storyboard; sourceTree = "<group>"; };
		8D8A726F20824F850021D344 /* Info.plist */ = {isa = PBXFileReference; lastKnownFileType = text.plist.xml; path = Info.plist; sourceTree = "<group>"; };
		8D8A7289208252340021D344 /* SnaptakeUITests.xctest */ = {isa = PBXFileReference; explicitFileType = wrapper.cfbundle; includeInIndex = 0; path = SnaptakeUITests.xctest; sourceTree = BUILT_PRODUCTS_DIR; };
		8D8A728B208252340021D344 /* SnaptakeUITests.swift */ = {isa = PBXFileReference; lastKnownFileType = sourcecode.swift; path = SnaptakeUITests.swift; sourceTree = "<group>"; };
		8D8A728D208252340021D344 /* Info.plist */ = {isa = PBXFileReference; lastKnownFileType = text.plist.xml; path = Info.plist; sourceTree = "<group>"; };
/* End PBXFileReference section */

/* Begin PBXFrameworksBuildPhase section */
		8D8A725D20824F840021D344 /* Frameworks */ = {
			isa = PBXFrameworksBuildPhase;
			buildActionMask = 2147483647;
			files = (
			);
			runOnlyForDeploymentPostprocessing = 0;
		};
		8D8A7286208252340021D344 /* Frameworks */ = {
			isa = PBXFrameworksBuildPhase;
			buildActionMask = 2147483647;
			files = (
			);
			runOnlyForDeploymentPostprocessing = 0;
		};
/* End PBXFrameworksBuildPhase section */

/* Begin PBXGroup section */
		8D8A725720824F840021D344 = {
			isa = PBXGroup;
			children = (
				7CF46E6C28EE02E800674B91 /* fastlane */,
				8D8A726220824F840021D344 /* Snaptake */,
				8D8A728A208252340021D344 /* SnaptakeUITests */,
				8D8A726120824F840021D344 /* Products */,
				341730F475918518DF10427A /* README.md */,
			);
			sourceTree = "<group>";
		};
		8D8A726120824F840021D344 /* Products */ = {
			isa = PBXGroup;
			children = (
				8D8A726020824F840021D344 /* Snaptake.app */,
				8D8A7289208252340021D344 /* SnaptakeUITests.xctest */,
			);
			name = Products;
			sourceTree = "<group>";
		};
		8D8A726220824F840021D344 /* Snaptake */ = {
			isa = PBXGroup;
			children = (
				8D8A726320824F840021D344 /* AppDelegate.swift */,
				8D8A726520824F840021D344 /* ViewController.swift */,
				8D8A726720824F840021D344 /* Main.storyboard */,
				8D8A726A20824F850021D344 /* Assets.xcassets */,
				8D8A726C20824F850021D344 /* LaunchScreen.storyboard */,
				8D8A726F20824F850021D344 /* Info.plist */,
			);
			path = Snaptake;
			sourceTree = "<group>";
		};
		8D8A728A208252340021D344 /* SnaptakeUITests */ = {
			isa = PBXGroup;
			children = (
				7C30150D28EF157C0079BF6D /* SnapshotHelper.swift */,
				8D8A728B208252340021D344 /* SnaptakeUITests.swift */,
				8D8A728D208252340021D344 /* Info.plist */,
			);
			path = SnaptakeUITests;
			sourceTree = "<group>";
		};
/* End PBXGroup section */

/* Begin PBXNativeTarget section */
		8D8A725F20824F840021D344 /* Snaptake */ = {
			isa = PBXNativeTarget;
			buildConfigurationList = 8D8A727220824F850021D344 /* Build configuration list for PBXNativeTarget "Snaptake" */;
			buildPhases = (
				8D8A725C20824F840021D344 /* Sources */,
				8D8A725D20824F840021D344 /* Frameworks */,
				8D8A725E20824F840021D344 /* Resources */,
			);
			buildRules = (
			);
			dependencies = (
			);
			name = Snaptake;
			productName = Snaptake;
			productReference = 8D8A726020824F840021D344 /* Snaptake.app */;
			productType = "com.apple.product-type.application";
		};
		8D8A7288208252340021D344 /* SnaptakeUITests */ = {
			isa = PBXNativeTarget;
			buildConfigurationList = 8D8A7292208252340021D344 /* Build configuration list for PBXNativeTarget "SnaptakeUITests" */;
			buildPhases = (
				8D8A7285208252340021D344 /* Sources */,
				8D8A7286208252340021D344 /* Frameworks */,
				8D8A7287208252340021D344 /* Resources */,
			);
			buildRules = (
			);
			dependencies = (
				8D8A728F208252340021D344 /* PBXTargetDependency */,
			);
			name = SnaptakeUITests;
			productName = SnaptakeUITests;
			productReference = 8D8A7289208252340021D344 /* SnaptakeUITests.xctest */;
			productType = "com.apple.product-type.bundle.ui-testing";
		};
/* End PBXNativeTarget section */

/* Begin PBXProject section */
		8D8A725820824F840021D344 /* Project object */ = {
			isa = PBXProject;
			attributes = {
				LastSwiftUpdateCheck = 0930;
				LastUpgradeCheck = 0930;
				ORGANIZATIONNAME = "Stephan Lerner";
				TargetAttributes = {
					8D8A725F20824F840021D344 = {
						CreatedOnToolsVersion = 9.3;
					};
					8D8A7288208252340021D344 = {
						CreatedOnToolsVersion = 9.3;
						TestTargetID = 8D8A725F20824F840021D344;
					};
				};
			};
			buildConfigurationList = 8D8A725B20824F840021D344 /* Build configuration list for PBXProject "Snaptake" */;
			compatibilityVersion = "Xcode 9.3";
			developmentRegion = en;
			hasScannedForEncodings = 0;
			knownRegions = (
				en,
				Base,
			);
			mainGroup = 8D8A725720824F840021D344;
			productRefGroup = 8D8A726120824F840021D344 /* Products */;
			projectDirPath = "";
			projectRoot = "";
			targets = (
				8D8A725F20824F840021D344 /* Snaptake */,
				8D8A7288208252340021D344 /* SnaptakeUITests */,
			);
		};
/* End PBXProject section */

/* Begin PBXResourcesBuildPhase section */
		8D8A725E20824F840021D344 /* Resources */ = {
			isa = PBXResourcesBuildPhase;
			buildActionMask = 2147483647;
			files = (
				8D8A726E20824F850021D344 /* LaunchScreen.storyboard in Resources */,
				8D8A726B20824F850021D344 /* Assets.xcassets in Resources */,
				8D8A726920824F840021D344 /* Main.storyboard in Resources */,
			);
			runOnlyForDeploymentPostprocessing = 0;
		};
		8D8A7287208252340021D344 /* Resources */ = {
			isa = PBXResourcesBuildPhase;
			buildActionMask = 2147483647;
			files = (
			);
			runOnlyForDeploymentPostprocessing = 0;
		};
/* End PBXResourcesBuildPhase section */

/* Begin PBXSourcesBuildPhase section */
		8D8A725C20824F840021D344 /* Sources */ = {
			isa = PBXSourcesBuildPhase;
			buildActionMask = 2147483647;
			files = (
				8D8A726620824F840021D344 /* ViewController.swift in Sources */,
				8D8A726420824F840021D344 /* AppDelegate.swift in Sources */,
			);
			runOnlyForDeploymentPostprocessing = 0;
		};
		8D8A7285208252340021D344 /* Sources */ = {
			isa = PBXSourcesBuildPhase;
			buildActionMask = 2147483647;
			files = (
				8D8A728C208252340021D344 /* SnaptakeUITests.swift in Sources */,
				7C30150E28EF157C0079BF6D /* SnapshotHelper.swift in Sources */,
			);
			runOnlyForDeploymentPostprocessing = 0;
		};
/* End PBXSourcesBuildPhase section */

/* Begin PBXTargetDependency section */
		8D8A728F208252340021D344 /* PBXTargetDependency */ = {
			isa = PBXTargetDependency;
			target = 8D8A725F20824F840021D344 /* Snaptake */;
			targetProxy = 8D8A728E208252340021D344 /* PBXContainerItemProxy */;
		};
/* End PBXTargetDependency section */

/* Begin PBXVariantGroup section */
		8D8A726720824F840021D344 /* Main.storyboard */ = {
			isa = PBXVariantGroup;
			children = (
				8D8A726820824F840021D344 /* Base */,
			);
			name = Main.storyboard;
			sourceTree = "<group>";
		};
		8D8A726C20824F850021D344 /* LaunchScreen.storyboard */ = {
			isa = PBXVariantGroup;
			children = (
				8D8A726D20824F850021D344 /* Base */,
			);
			name = LaunchScreen.storyboard;
			sourceTree = "<group>";
		};
/* End PBXVariantGroup section */

/* Begin XCBuildConfiguration section */
		8D8A727020824F850021D344 /* Debug */ = {
			isa = XCBuildConfiguration;
			buildSettings = {
				ALWAYS_SEARCH_USER_PATHS = NO;
				CLANG_ANALYZER_NONNULL = YES;
				CLANG_ANALYZER_NUMBER_OBJECT_CONVERSION = YES_AGGRESSIVE;
				CLANG_CXX_LANGUAGE_STANDARD = "gnu++14";
				CLANG_CXX_LIBRARY = "libc++";
				CLANG_ENABLE_MODULES = YES;
				CLANG_ENABLE_OBJC_ARC = YES;
				CLANG_ENABLE_OBJC_WEAK = YES;
				CLANG_WARN_BLOCK_CAPTURE_AUTORELEASING = YES;
				CLANG_WARN_BOOL_CONVERSION = YES;
				CLANG_WARN_COMMA = YES;
				CLANG_WARN_CONSTANT_CONVERSION = YES;
				CLANG_WARN_DEPRECATED_OBJC_IMPLEMENTATIONS = YES;
				CLANG_WARN_DIRECT_OBJC_ISA_USAGE = YES_ERROR;
				CLANG_WARN_DOCUMENTATION_COMMENTS = YES;
				CLANG_WARN_EMPTY_BODY = YES;
				CLANG_WARN_ENUM_CONVERSION = YES;
				CLANG_WARN_INFINITE_RECURSION = YES;
				CLANG_WARN_INT_CONVERSION = YES;
				CLANG_WARN_NON_LITERAL_NULL_CONVERSION = YES;
				CLANG_WARN_OBJC_IMPLICIT_RETAIN_SELF = YES;
				CLANG_WARN_OBJC_LITERAL_CONVERSION = YES;
				CLANG_WARN_OBJC_ROOT_CLASS = YES_ERROR;
				CLANG_WARN_RANGE_LOOP_ANALYSIS = YES;
				CLANG_WARN_STRICT_PROTOTYPES = YES;
				CLANG_WARN_SUSPICIOUS_MOVE = YES;
				CLANG_WARN_UNGUARDED_AVAILABILITY = YES_AGGRESSIVE;
				CLANG_WARN_UNREACHABLE_CODE = YES;
				CLANG_WARN__DUPLICATE_METHOD_MATCH = YES;
				CODE_SIGN_IDENTITY = "iPhone Developer";
				COPY_PHASE_STRIP = NO;
				DEBUG_INFORMATION_FORMAT = dwarf;
				ENABLE_STRICT_OBJC_MSGSEND = YES;
				ENABLE_TESTABILITY = YES;
				GCC_C_LANGUAGE_STANDARD = gnu11;
				GCC_DYNAMIC_NO_PIC = NO;
				GCC_NO_COMMON_BLOCKS = YES;
				GCC_OPTIMIZATION_LEVEL = 0;
				GCC_PREPROCESSOR_DEFINITIONS = (
					"DEBUG=1",
					"$(inherited)",
				);
				GCC_WARN_64_TO_32_BIT_CONVERSION = YES;
				GCC_WARN_ABOUT_RETURN_TYPE = YES_ERROR;
				GCC_WARN_UNDECLARED_SELECTOR = YES;
				GCC_WARN_UNINITIALIZED_AUTOS = YES_AGGRESSIVE;
				GCC_WARN_UNUSED_FUNCTION = YES;
				GCC_WARN_UNUSED_VARIABLE = YES;
				IPHONEOS_DEPLOYMENT_TARGET = 16.0;
				MTL_ENABLE_DEBUG_INFO = YES;
				ONLY_ACTIVE_ARCH = YES;
				SDKROOT = iphoneos;
				SWIFT_ACTIVE_COMPILATION_CONDITIONS = DEBUG;
				SWIFT_OPTIMIZATION_LEVEL = "-Onone";
			};
			name = Debug;
		};
		8D8A727120824F850021D344 /* Release */ = {
			isa = XCBuildConfiguration;
			buildSettings = {
				ALWAYS_SEARCH_USER_PATHS = NO;
				CLANG_ANALYZER_NONNULL = YES;
				CLANG_ANALYZER_NUMBER_OBJECT_CONVERSION = YES_AGGRESSIVE;
				CLANG_CXX_LANGUAGE_STANDARD = "gnu++14";
				CLANG_CXX_LIBRARY = "libc++";
				CLANG_ENABLE_MODULES = YES;
				CLANG_ENABLE_OBJC_ARC = YES;
				CLANG_ENABLE_OBJC_WEAK = YES;
				CLANG_WARN_BLOCK_CAPTURE_AUTORELEASING = YES;
				CLANG_WARN_BOOL_CONVERSION = YES;
				CLANG_WARN_COMMA = YES;
				CLANG_WARN_CONSTANT_CONVERSION = YES;
				CLANG_WARN_DEPRECATED_OBJC_IMPLEMENTATIONS = YES;
				CLANG_WARN_DIRECT_OBJC_ISA_USAGE = YES_ERROR;
				CLANG_WARN_DOCUMENTATION_COMMENTS = YES;
				CLANG_WARN_EMPTY_BODY = YES;
				CLANG_WARN_ENUM_CONVERSION = YES;
				CLANG_WARN_INFINITE_RECURSION = YES;
				CLANG_WARN_INT_CONVERSION = YES;
				CLANG_WARN_NON_LITERAL_NULL_CONVERSION = YES;
				CLANG_WARN_OBJC_IMPLICIT_RETAIN_SELF = YES;
				CLANG_WARN_OBJC_LITERAL_CONVERSION = YES;
				CLANG_WARN_OBJC_ROOT_CLASS = YES_ERROR;
				CLANG_WARN_RANGE_LOOP_ANALYSIS = YES;
				CLANG_WARN_STRICT_PROTOTYPES = YES;
				CLANG_WARN_SUSPICIOUS_MOVE = YES;
				CLANG_WARN_UNGUARDED_AVAILABILITY = YES_AGGRESSIVE;
				CLANG_WARN_UNREACHABLE_CODE = YES;
				CLANG_WARN__DUPLICATE_METHOD_MATCH = YES;
				CODE_SIGN_IDENTITY = "iPhone Developer";
				COPY_PHASE_STRIP = NO;
				DEBUG_INFORMATION_FORMAT = "dwarf-with-dsym";
				ENABLE_NS_ASSERTIONS = NO;
				ENABLE_STRICT_OBJC_MSGSEND = YES;
				GCC_C_LANGUAGE_STANDARD = gnu11;
				GCC_NO_COMMON_BLOCKS = YES;
				GCC_WARN_64_TO_32_BIT_CONVERSION = YES;
				GCC_WARN_ABOUT_RETURN_TYPE = YES_ERROR;
				GCC_WARN_UNDECLARED_SELECTOR = YES;
				GCC_WARN_UNINITIALIZED_AUTOS = YES_AGGRESSIVE;
				GCC_WARN_UNUSED_FUNCTION = YES;
				GCC_WARN_UNUSED_VARIABLE = YES;
				IPHONEOS_DEPLOYMENT_TARGET = 16.0;
				MTL_ENABLE_DEBUG_INFO = NO;
				SDKROOT = iphoneos;
				SWIFT_COMPILATION_MODE = wholemodule;
				SWIFT_OPTIMIZATION_LEVEL = "-O";
				VALIDATE_PRODUCT = YES;
			};
			name = Release;
		};
		8D8A727320824F850021D344 /* Debug */ = {
			isa = XCBuildConfiguration;
			buildSettings = {
				ASSETCATALOG_COMPILER_APPICON_NAME = AppIcon;
				CODE_SIGN_STYLE = Automatic;
				DEVELOPMENT_TEAM = C6N3X97ZLM;
				INFOPLIST_FILE = Snaptake/Info.plist;
				LD_RUNPATH_SEARCH_PATHS = (
					"$(inherited)",
					"@executable_path/Frameworks",
				);
				PRODUCT_BUNDLE_IDENTIFIER = de.lausbert.Snaptake;
				PRODUCT_NAME = "$(TARGET_NAME)";
				SWIFT_VERSION = 4.0;
				TARGETED_DEVICE_FAMILY = "1,2";
			};
			name = Debug;
		};
		8D8A727420824F850021D344 /* Release */ = {
			isa = XCBuildConfiguration;
			buildSettings = {
				ASSETCATALOG_COMPILER_APPICON_NAME = AppIcon;
				CODE_SIGN_STYLE = Automatic;
				DEVELOPMENT_TEAM = C6N3X97ZLM;
				INFOPLIST_FILE = Snaptake/Info.plist;
				LD_RUNPATH_SEARCH_PATHS = (
					"$(inherited)",
					"@executable_path/Frameworks",
				);
				PRODUCT_BUNDLE_IDENTIFIER = de.lausbert.Snaptake;
				PRODUCT_NAME = "$(TARGET_NAME)";
				SWIFT_VERSION = 4.0;
				TARGETED_DEVICE_FAMILY = "1,2";
			};
			name = Release;
		};
		8D8A7290208252340021D344 /* Debug */ = {
			isa = XCBuildConfiguration;
			buildSettings = {
				CODE_SIGN_STYLE = Automatic;
				DEVELOPMENT_TEAM = C6N3X97ZLM;
				INFOPLIST_FILE = SnaptakeUITests/Info.plist;
				LD_RUNPATH_SEARCH_PATHS = (
					"$(inherited)",
					"@executable_path/Frameworks",
					"@loader_path/Frameworks",
				);
				PRODUCT_BUNDLE_IDENTIFIER = de.lausbert.SnaptakeUITests;
				PRODUCT_NAME = "$(TARGET_NAME)";
				SWIFT_VERSION = 4.0;
				TARGETED_DEVICE_FAMILY = "1,2";
				TEST_TARGET_NAME = Snaptake;
			};
			name = Debug;
		};
		8D8A7291208252340021D344 /* Release */ = {
			isa = XCBuildConfiguration;
			buildSettings = {
				CODE_SIGN_STYLE = Automatic;
				DEVELOPMENT_TEAM = C6N3X97ZLM;
				INFOPLIST_FILE = SnaptakeUITests/Info.plist;
				LD_RUNPATH_SEARCH_PATHS = (
					"$(inherited)",
					"@executable_path/Frameworks",
					"@loader_path/Frameworks",
				);
				PRODUCT_BUNDLE_IDENTIFIER = de.lausbert.SnaptakeUITests;
				PRODUCT_NAME = "$(TARGET_NAME)";
				SWIFT_VERSION = 4.0;
				TARGETED_DEVICE_FAMILY = "1,2";
				TEST_TARGET_NAME = Snaptake;
			};
			name = Release;
		};
/* End XCBuildConfiguration section */

/* Begin XCConfigurationList section */
		8D8A725B20824F840021D344 /* Build configuration list for PBXProject "Snaptake" */ = {
			isa = XCConfigurationList;
			buildConfigurations = (
				8D8A727020824F850021D344 /* Debug */,
				8D8A727120824F850021D344 /* Release */,
			);
			defaultConfigurationIsVisible = 0;
			defaultConfigurationName = Release;
		};
		8D8A727220824F850021D344 /* Build configuration list for PBXNativeTarget "Snaptake" */ = {
			isa = XCConfigurationList;
			buildConfigurations = (
				8D8A727320824F850021D344 /* Debug */,
				8D8A727420824F850021D344 /* Release */,
			);
			defaultConfigurationIsVisible = 0;
			defaultConfigurationName = Release;
		};
		8D8A7292208252340021D344 /* Build configuration list for PBXNativeTarget "SnaptakeUITests" */ = {
			isa = XCConfigurationList;
			buildConfigurations = (
				8D8A7290208252340021D344 /* Debug */,
				8D8A7291208252340021D344 /* Release */,
			);
			defaultConfigurationIsVisible = 0;
			defaultConfigurationName = Release;
		};
/* End XCConfigurationList section */
	};
	rootObject = 8D8A725820824F840021D344 /* Project object */;
}
